
Microsoft Visual Studio Solution File, Format Version 12.00
Project("{FAE04EC0-301F-11D3-BF4B-00C04F79EFBC}") = "Emne9_Prosjekt", "Emne9_Prosjekt\Emne9_Prosjekt.csproj", "{C73FAB2B-A410-4D0D-A06F-C57F66B0BE8E}"
EndProject
Project("{FAE04EC0-301F-11D3-BF4B-00C04F79EFBC}") = "APIMembersIntegrationTests", "APIMembersIntegrationTests\APIMembersIntegrationTests.csproj", "{612A9FFF-4D63-4BCD-8C63-9DB044AA460F}"
EndProject
Project("{FAE04EC0-301F-11D3-BF4B-00C04F79EFBC}") = "GameComponentsUnitTests", "GameComponentsUnitTests\GameComponentsUnitTests.csproj", "{5A37CE7D-2CEF-456A-8D1B-64FBADAADC74}"
EndProject
Global
	GlobalSection(SolutionConfigurationPlatforms) = preSolution
		Debug|Any CPU = Debug|Any CPU
		Release|Any CPU = Release|Any CPU
	EndGlobalSection
	GlobalSection(ProjectConfigurationPlatforms) = postSolution
		{C73FAB2B-A410-4D0D-A06F-C57F66B0BE8E}.Debug|Any CPU.ActiveCfg = Debug|Any CPU
		{C73FAB2B-A410-4D0D-A06F-C57F66B0BE8E}.Debug|Any CPU.Build.0 = Debug|Any CPU
		{C73FAB2B-A410-4D0D-A06F-C57F66B0BE8E}.Release|Any CPU.ActiveCfg = Release|Any CPU
		{C73FAB2B-A410-4D0D-A06F-C57F66B0BE8E}.Release|Any CPU.Build.0 = Release|Any CPU
		{612A9FFF-4D63-4BCD-8C63-9DB044AA460F}.Debug|Any CPU.ActiveCfg = Debug|Any CPU
		{612A9FFF-4D63-4BCD-8C63-9DB044AA460F}.Debug|Any CPU.Build.0 = Debug|Any CPU
		{612A9FFF-4D63-4BCD-8C63-9DB044AA460F}.Release|Any CPU.ActiveCfg = Release|Any CPU
		{612A9FFF-4D63-4BCD-8C63-9DB044AA460F}.Release|Any CPU.Build.0 = Release|Any CPU
		{5A37CE7D-2CEF-456A-8D1B-64FBADAADC74}.Debug|Any CPU.ActiveCfg = Debug|Any CPU
		{5A37CE7D-2CEF-456A-8D1B-64FBADAADC74}.Debug|Any CPU.Build.0 = Debug|Any CPU
		{5A37CE7D-2CEF-456A-8D1B-64FBADAADC74}.Release|Any CPU.ActiveCfg = Release|Any CPU
		{5A37CE7D-2CEF-456A-8D1B-64FBADAADC74}.Release|Any CPU.Build.0 = Release|Any CPU
	EndGlobalSection
EndGlobal
